// !$*UTF8*$!
{
	archiveVersion = 1;
	classes = {
	};
	objectVersion = 46;
	objects = {

/* Begin PBXBuildFile section */
		EFBC8E941A9B17E9007A0D1C /* GameState.swift in Sources */ = {isa = PBXBuildFile; fileRef = EFBC8E931A9B17E9007A0D1C /* GameState.swift */; };
		EFBC8E951A9B1B67007A0D1C /* GameState.swift in Sources */ = {isa = PBXBuildFile; fileRef = EFBC8E931A9B17E9007A0D1C /* GameState.swift */; };
		EFD471431A93694B002484BD /* AppDelegate.swift in Sources */ = {isa = PBXBuildFile; fileRef = EFD471421A93694B002484BD /* AppDelegate.swift */; };
		EFD471491A93694B002484BD /* GameViewController.swift in Sources */ = {isa = PBXBuildFile; fileRef = EFD471481A93694B002484BD /* GameViewController.swift */; };
		EFD4714C1A93694B002484BD /* Main.storyboard in Resources */ = {isa = PBXBuildFile; fileRef = EFD4714A1A93694B002484BD /* Main.storyboard */; };
		EFD4714E1A93694B002484BD /* Images.xcassets in Resources */ = {isa = PBXBuildFile; fileRef = EFD4714D1A93694B002484BD /* Images.xcassets */; };
		EFD471511A93694B002484BD /* LaunchScreen.xib in Resources */ = {isa = PBXBuildFile; fileRef = EFD4714F1A93694B002484BD /* LaunchScreen.xib */; };
		EFD4715D1A93694B002484BD /* Puzzle_ActionTests.swift in Sources */ = {isa = PBXBuildFile; fileRef = EFD4715C1A93694B002484BD /* Puzzle_ActionTests.swift */; };
		EFD471681A938DAF002484BD /* PeopleCountScene.swift in Sources */ = {isa = PBXBuildFile; fileRef = EFD471671A938DAF002484BD /* PeopleCountScene.swift */; };
/* End PBXBuildFile section */

/* Begin PBXContainerItemProxy section */
		EFD471571A93694B002484BD /* PBXContainerItemProxy */ = {
			isa = PBXContainerItemProxy;
			containerPortal = EFD471351A93694B002484BD /* Project object */;
			proxyType = 1;
			remoteGlobalIDString = EFD4713C1A93694B002484BD;
			remoteInfo = "Puzzle Action";
		};
/* End PBXContainerItemProxy section */

/* Begin PBXFileReference section */
		EFBC8E931A9B17E9007A0D1C /* GameState.swift */ = {isa = PBXFileReference; fileEncoding = 4; lastKnownFileType = sourcecode.swift; path = GameState.swift; sourceTree = "<group>"; };
		EFD4713D1A93694B002484BD /* Puzzle Action.app */ = {isa = PBXFileReference; explicitFileType = wrapper.application; includeInIndex = 0; path = "Puzzle Action.app"; sourceTree = BUILT_PRODUCTS_DIR; };
		EFD471411A93694B002484BD /* Info.plist */ = {isa = PBXFileReference; lastKnownFileType = text.plist.xml; path = Info.plist; sourceTree = "<group>"; };
		EFD471421A93694B002484BD /* AppDelegate.swift */ = {isa = PBXFileReference; lastKnownFileType = sourcecode.swift; path = AppDelegate.swift; sourceTree = "<group>"; };
		EFD471481A93694B002484BD /* GameViewController.swift */ = {isa = PBXFileReference; lastKnownFileType = sourcecode.swift; path = GameViewController.swift; sourceTree = "<group>"; };
		EFD4714B1A93694B002484BD /* Base */ = {isa = PBXFileReference; lastKnownFileType = file.storyboard; name = Base; path = Base.lproj/Main.storyboard; sourceTree = "<group>"; };
		EFD4714D1A93694B002484BD /* Images.xcassets */ = {isa = PBXFileReference; lastKnownFileType = folder.assetcatalog; path = Images.xcassets; sourceTree = "<group>"; };
		EFD471501A93694B002484BD /* Base */ = {isa = PBXFileReference; lastKnownFileType = file.xib; name = Base; path = Base.lproj/LaunchScreen.xib; sourceTree = "<group>"; };
		EFD471561A93694B002484BD /* Puzzle ActionTests.xctest */ = {isa = PBXFileReference; explicitFileType = wrapper.cfbundle; includeInIndex = 0; path = "Puzzle ActionTests.xctest"; sourceTree = BUILT_PRODUCTS_DIR; };
		EFD4715B1A93694B002484BD /* Info.plist */ = {isa = PBXFileReference; lastKnownFileType = text.plist.xml; path = Info.plist; sourceTree = "<group>"; };
		EFD4715C1A93694B002484BD /* Puzzle_ActionTests.swift */ = {isa = PBXFileReference; lastKnownFileType = sourcecode.swift; path = Puzzle_ActionTests.swift; sourceTree = "<group>"; };
		EFD471671A938DAF002484BD /* PeopleCountScene.swift */ = {isa = PBXFileReference; fileEncoding = 4; lastKnownFileType = sourcecode.swift; name = PeopleCountScene.swift; path = Games/PeopleCountScene.swift; sourceTree = "<group>"; };
/* End PBXFileReference section */

/* Begin PBXFrameworksBuildPhase section */
		EFD4713A1A93694B002484BD /* Frameworks */ = {
			isa = PBXFrameworksBuildPhase;
			buildActionMask = 2147483647;
			files = (
			);
			runOnlyForDeploymentPostprocessing = 0;
		};
		EFD471531A93694B002484BD /* Frameworks */ = {
			isa = PBXFrameworksBuildPhase;
			buildActionMask = 2147483647;
			files = (
			);
			runOnlyForDeploymentPostprocessing = 0;
		};
/* End PBXFrameworksBuildPhase section */

/* Begin PBXGroup section */
		EFD471341A93694B002484BD = {
			isa = PBXGroup;
			children = (
				EFD4713F1A93694B002484BD /* Puzzle Action */,
				EFD471591A93694B002484BD /* Puzzle ActionTests */,
				EFD4713E1A93694B002484BD /* Products */,
			);
			sourceTree = "<group>";
		};
		EFD4713E1A93694B002484BD /* Products */ = {
			isa = PBXGroup;
			children = (
				EFD4713D1A93694B002484BD /* Puzzle Action.app */,
				EFD471561A93694B002484BD /* Puzzle ActionTests.xctest */,
			);
			name = Products;
			sourceTree = "<group>";
		};
		EFD4713F1A93694B002484BD /* Puzzle Action */ = {
			isa = PBXGroup;
			children = (
				EFD471661A938D61002484BD /* Games */,
				EFD471421A93694B002484BD /* AppDelegate.swift */,
				EFD471481A93694B002484BD /* GameViewController.swift */,
				EFD4714A1A93694B002484BD /* Main.storyboard */,
				EFD4714D1A93694B002484BD /* Images.xcassets */,
				EFD4714F1A93694B002484BD /* LaunchScreen.xib */,
				EFD471401A93694B002484BD /* Supporting Files */,
				EFBC8E931A9B17E9007A0D1C /* GameState.swift */,
			);
			path = "Puzzle Action";
			sourceTree = "<group>";
		};
		EFD471401A93694B002484BD /* Supporting Files */ = {
			isa = PBXGroup;
			children = (
				EFD471411A93694B002484BD /* Info.plist */,
			);
			name = "Supporting Files";
			sourceTree = "<group>";
		};
		EFD471591A93694B002484BD /* Puzzle ActionTests */ = {
			isa = PBXGroup;
			children = (
				EFD4715C1A93694B002484BD /* Puzzle_ActionTests.swift */,
				EFD4715A1A93694B002484BD /* Supporting Files */,
			);
			path = "Puzzle ActionTests";
			sourceTree = "<group>";
		};
		EFD4715A1A93694B002484BD /* Supporting Files */ = {
			isa = PBXGroup;
			children = (
				EFD4715B1A93694B002484BD /* Info.plist */,
			);
			name = "Supporting Files";
			sourceTree = "<group>";
		};
		EFD471661A938D61002484BD /* Games */ = {
			isa = PBXGroup;
			children = (
				EFD471671A938DAF002484BD /* PeopleCountScene.swift */,
			);
			name = Games;
			sourceTree = "<group>";
		};
/* End PBXGroup section */

/* Begin PBXNativeTarget section */
		EFD4713C1A93694B002484BD /* Puzzle Action */ = {
			isa = PBXNativeTarget;
			buildConfigurationList = EFD471601A93694B002484BD /* Build configuration list for PBXNativeTarget "Puzzle Action" */;
			buildPhases = (
				EFD471391A93694B002484BD /* Sources */,
				EFD4713A1A93694B002484BD /* Frameworks */,
				EFD4713B1A93694B002484BD /* Resources */,
			);
			buildRules = (
			);
			dependencies = (
			);
			name = "Puzzle Action";
			productName = "Puzzle Action";
			productReference = EFD4713D1A93694B002484BD /* Puzzle Action.app */;
			productType = "com.apple.product-type.application";
		};
		EFD471551A93694B002484BD /* Puzzle ActionTests */ = {
			isa = PBXNativeTarget;
			buildConfigurationList = EFD471631A93694B002484BD /* Build configuration list for PBXNativeTarget "Puzzle ActionTests" */;
			buildPhases = (
				EFD471521A93694B002484BD /* Sources */,
				EFD471531A93694B002484BD /* Frameworks */,
				EFD471541A93694B002484BD /* Resources */,
			);
			buildRules = (
			);
			dependencies = (
				EFD471581A93694B002484BD /* PBXTargetDependency */,
			);
			name = "Puzzle ActionTests";
			productName = "Puzzle ActionTests";
			productReference = EFD471561A93694B002484BD /* Puzzle ActionTests.xctest */;
			productType = "com.apple.product-type.bundle.unit-test";
		};
/* End PBXNativeTarget section */

/* Begin PBXProject section */
		EFD471351A93694B002484BD /* Project object */ = {
			isa = PBXProject;
			attributes = {
				LastUpgradeCheck = 0610;
				ORGANIZATIONNAME = ByBDesigns;
				TargetAttributes = {
					EFD4713C1A93694B002484BD = {
						CreatedOnToolsVersion = 6.1.1;
					};
					EFD471551A93694B002484BD = {
						CreatedOnToolsVersion = 6.1.1;
						TestTargetID = EFD4713C1A93694B002484BD;
					};
				};
			};
			buildConfigurationList = EFD471381A93694B002484BD /* Build configuration list for PBXProject "Puzzle Action" */;
			compatibilityVersion = "Xcode 3.2";
			developmentRegion = English;
			hasScannedForEncodings = 0;
			knownRegions = (
				en,
				Base,
			);
			mainGroup = EFD471341A93694B002484BD;
			productRefGroup = EFD4713E1A93694B002484BD /* Products */;
			projectDirPath = "";
			projectRoot = "";
			targets = (
				EFD4713C1A93694B002484BD /* Puzzle Action */,
				EFD471551A93694B002484BD /* Puzzle ActionTests */,
			);
		};
/* End PBXProject section */

/* Begin PBXResourcesBuildPhase section */
		EFD4713B1A93694B002484BD /* Resources */ = {
			isa = PBXResourcesBuildPhase;
			buildActionMask = 2147483647;
			files = (
				EFD471511A93694B002484BD /* LaunchScreen.xib in Resources */,
				EFD4714E1A93694B002484BD /* Images.xcassets in Resources */,
				EFD4714C1A93694B002484BD /* Main.storyboard in Resources */,
			);
			runOnlyForDeploymentPostprocessing = 0;
		};
		EFD471541A93694B002484BD /* Resources */ = {
			isa = PBXResourcesBuildPhase;
			buildActionMask = 2147483647;
			files = (
			);
			runOnlyForDeploymentPostprocessing = 0;
		};
/* End PBXResourcesBuildPhase section */

/* Begin PBXSourcesBuildPhase section */
		EFD471391A93694B002484BD /* Sources */ = {
			isa = PBXSourcesBuildPhase;
			buildActionMask = 2147483647;
			files = (
				EFD471491A93694B002484BD /* GameViewController.swift in Sources */,
				EFBC8E941A9B17E9007A0D1C /* GameState.swift in Sources */,
				EFD471431A93694B002484BD /* AppDelegate.swift in Sources */,
				EFD471681A938DAF002484BD /* PeopleCountScene.swift in Sources */,
			);
			runOnlyForDeploymentPostprocessing = 0;
		};
		EFD471521A93694B002484BD /* Sources */ = {
			isa = PBXSourcesBuildPhase;
			buildActionMask = 2147483647;
			files = (
				EFD4715D1A93694B002484BD /* Puzzle_ActionTests.swift in Sources */,
				EFBC8E951A9B1B67007A0D1C /* GameState.swift in Sources */,
			);
			runOnlyForDeploymentPostprocessing = 0;
		};
/* End PBXSourcesBuildPhase section */

/* Begin PBXTargetDependency section */
		EFD471581A93694B002484BD /* PBXTargetDependency */ = {
			isa = PBXTargetDependency;
			target = EFD4713C1A93694B002484BD /* Puzzle Action */;
			targetProxy = EFD471571A93694B002484BD /* PBXContainerItemProxy */;
		};
/* End PBXTargetDependency section */

/* Begin PBXVariantGroup section */
		EFD4714A1A93694B002484BD /* Main.storyboard */ = {
			isa = PBXVariantGroup;
			children = (
				EFD4714B1A93694B002484BD /* Base */,
			);
			name = Main.storyboard;
			sourceTree = "<group>";
		};
		EFD4714F1A93694B002484BD /* LaunchScreen.xib */ = {
			isa = PBXVariantGroup;
			children = (
				EFD471501A93694B002484BD /* Base */,
			);
			name = LaunchScreen.xib;
			sourceTree = "<group>";
		};
/* End PBXVariantGroup section */

/* Begin XCBuildConfiguration section */
		EFD4715E1A93694B002484BD /* Debug */ = {
			isa = XCBuildConfiguration;
			buildSettings = {
				ALWAYS_SEARCH_USER_PATHS = NO;
				CLANG_CXX_LANGUAGE_STANDARD = "gnu++0x";
				CLANG_CXX_LIBRARY = "libc++";
				CLANG_ENABLE_MODULES = YES;
				CLANG_ENABLE_OBJC_ARC = YES;
				CLANG_WARN_BOOL_CONVERSION = YES;
				CLANG_WARN_CONSTANT_CONVERSION = YES;
				CLANG_WARN_DIRECT_OBJC_ISA_USAGE = YES_ERROR;
				CLANG_WARN_EMPTY_BODY = YES;
				CLANG_WARN_ENUM_CONVERSION = YES;
				CLANG_WARN_INT_CONVERSION = YES;
				CLANG_WARN_OBJC_ROOT_CLASS = YES_ERROR;
				CLANG_WARN_UNREACHABLE_CODE = YES;
				CLANG_WARN__DUPLICATE_METHOD_MATCH = YES;
				"CODE_SIGN_IDENTITY[sdk=iphoneos*]" = "iPhone Developer";
				COPY_PHASE_STRIP = NO;
				ENABLE_STRICT_OBJC_MSGSEND = YES;
				GCC_C_LANGUAGE_STANDARD = gnu99;
				GCC_DYNAMIC_NO_PIC = NO;
				GCC_OPTIMIZATION_LEVEL = 0;
				GCC_PREPROCESSOR_DEFINITIONS = (
					"DEBUG=1",
					"$(inherited)",
				);
				GCC_SYMBOLS_PRIVATE_EXTERN = NO;
				GCC_WARN_64_TO_32_BIT_CONVERSION = YES;
				GCC_WARN_ABOUT_RETURN_TYPE = YES_ERROR;
				GCC_WARN_UNDECLARED_SELECTOR = YES;
				GCC_WARN_UNINITIALIZED_AUTOS = YES_AGGRESSIVE;
				GCC_WARN_UNUSED_FUNCTION = YES;
				GCC_WARN_UNUSED_VARIABLE = YES;
				IPHONEOS_DEPLOYMENT_TARGET = 8.1;
				MTL_ENABLE_DEBUG_INFO = YES;
				ONLY_ACTIVE_ARCH = YES;
				SDKROOT = iphoneos;
				SWIFT_OPTIMIZATION_LEVEL = "-Onone";
			};
			name = Debug;
		};
		EFD4715F1A93694B002484BD /* Release */ = {
			isa = XCBuildConfiguration;
			buildSettings = {
				ALWAYS_SEARCH_USER_PATHS = NO;
				CLANG_CXX_LANGUAGE_STANDARD = "gnu++0x";
				CLANG_CXX_LIBRARY = "libc++";
				CLANG_ENABLE_MODULES = YES;
				CLANG_ENABLE_OBJC_ARC = YES;
				CLANG_WARN_BOOL_CONVERSION = YES;
				CLANG_WARN_CONSTANT_CONVERSION = YES;
				CLANG_WARN_DIRECT_OBJC_ISA_USAGE = YES_ERROR;
				CLANG_WARN_EMPTY_BODY = YES;
				CLANG_WARN_ENUM_CONVERSION = YES;
				CLANG_WARN_INT_CONVERSION = YES;
				CLANG_WARN_OBJC_ROOT_CLASS = YES_ERROR;
				CLANG_WARN_UNREACHABLE_CODE = YES;
				CLANG_WARN__DUPLICATE_METHOD_MATCH = YES;
				"CODE_SIGN_IDENTITY[sdk=iphoneos*]" = "iPhone Developer";
				COPY_PHASE_STRIP = YES;
				ENABLE_NS_ASSERTIONS = NO;
				ENABLE_STRICT_OBJC_MSGSEND = YES;
				GCC_C_LANGUAGE_STANDARD = gnu99;
				GCC_WARN_64_TO_32_BIT_CONVERSION = YES;
				GCC_WARN_ABOUT_RETURN_TYPE = YES_ERROR;
				GCC_WARN_UNDECLARED_SELECTOR = YES;
				GCC_WARN_UNINITIALIZED_AUTOS = YES_AGGRESSIVE;
				GCC_WARN_UNUSED_FUNCTION = YES;
				GCC_WARN_UNUSED_VARIABLE = YES;
				IPHONEOS_DEPLOYMENT_TARGET = 8.1;
				MTL_ENABLE_DEBUG_INFO = NO;
				SDKROOT = iphoneos;
				VALIDATE_PRODUCT = YES;
			};
			name = Release;
		};
		EFD471611A93694B002484BD /* Debug */ = {
			isa = XCBuildConfiguration;
			buildSettings = {
				ASSETCATALOG_COMPILER_APPICON_NAME = AppIcon;
				INFOPLIST_FILE = "Puzzle Action/Info.plist";
				LD_RUNPATH_SEARCH_PATHS = "$(inherited) @executable_path/Frameworks";
				PRODUCT_NAME = "$(TARGET_NAME)";
			};
			name = Debug;
		};
		EFD471621A93694B002484BD /* Release */ = {
			isa = XCBuildConfiguration;
			buildSettings = {
				ASSETCATALOG_COMPILER_APPICON_NAME = AppIcon;
				INFOPLIST_FILE = "Puzzle Action/Info.plist";
				LD_RUNPATH_SEARCH_PATHS = "$(inherited) @executable_path/Frameworks";
				PRODUCT_NAME = "$(TARGET_NAME)";
			};
			name = Release;
		};
		EFD471641A93694B002484BD /* Debug */ = {
			isa = XCBuildConfiguration;
			buildSettings = {
				BUNDLE_LOADER = "$(TEST_HOST)";
				FRAMEWORK_SEARCH_PATHS = (
					"$(SDKROOT)/Developer/Library/Frameworks",
					"$(inherited)",
				);
				GCC_PREPROCESSOR_DEFINITIONS = (
					"DEBUG=1",
					"$(inherited)",
				);
				INFOPLIST_FILE = "Puzzle ActionTests/Info.plist";
				LD_RUNPATH_SEARCH_PATHS = "$(inherited) @executable_path/Frameworks @loader_path/Frameworks";
				PRODUCT_NAME = "$(TARGET_NAME)";
				TEST_HOST = "$(BUILT_PRODUCTS_DIR)/Puzzle Action.app/Puzzle Action";
			};
			name = Debug;
		};
		EFD471651A93694B002484BD /* Release */ = {
			isa = XCBuildConfiguration;
			buildSettings = {
				BUNDLE_LOADER = "$(TEST_HOST)";
				FRAMEWORK_SEARCH_PATHS = (
					"$(SDKROOT)/Developer/Library/Frameworks",
					"$(inherited)",
				);
				INFOPLIST_FILE = "Puzzle ActionTests/Info.plist";
				LD_RUNPATH_SEARCH_PATHS = "$(inherited) @executable_path/Frameworks @loader_path/Frameworks";
				PRODUCT_NAME = "$(TARGET_NAME)";
				TEST_HOST = "$(BUILT_PRODUCTS_DIR)/Puzzle Action.app/Puzzle Action";
			};
			name = Release;
		};
/* End XCBuildConfiguration section */

/* Begin XCConfigurationList section */
		EFD471381A93694B002484BD /* Build configuration list for PBXProject "Puzzle Action" */ = {
			isa = XCConfigurationList;
			buildConfigurations = (
				EFD4715E1A93694B002484BD /* Debug */,
				EFD4715F1A93694B002484BD /* Release */,
			);
			defaultConfigurationIsVisible = 0;
			defaultConfigurationName = Release;
		};
		EFD471601A93694B002484BD /* Build configuration list for PBXNativeTarget "Puzzle Action" */ = {
			isa = XCConfigurationList;
			buildConfigurations = (
				EFD471611A93694B002484BD /* Debug */,
				EFD471621A93694B002484BD /* Release */,
			);
			defaultConfigurationIsVisible = 0;
			defaultConfigurationName = Release;
		};
		EFD471631A93694B002484BD /* Build configuration list for PBXNativeTarget "Puzzle ActionTests" */ = {
			isa = XCConfigurationList;
			buildConfigurations = (
				EFD471641A93694B002484BD /* Debug */,
				EFD471651A93694B002484BD /* Release */,
			);
			defaultConfigurationIsVisible = 0;
			defaultConfigurationName = Release;
		};
/* End XCConfigurationList section */
	};
	rootObject = EFD471351A93694B002484BD /* Project object */;
}
